
Microsoft Visual Studio Solution File, Format Version 12.00
# Visual Studio Version 17
VisualStudioVersion = 17.0.31903.59
MinimumVisualStudioVersion = 10.0.40219.1
Project("{2150E333-8FDC-42A3-9474-1A3956D46DE8}") = "Application Business Rules", "Application Business Rules", "{EC871C98-6A5D-4D3E-83FD-FA216A4FEF64}"
EndProject
Project("{9A19103F-16F7-4668-BE54-9A1E7A4F7556}") = "NorthWind.Sales.Entities", "NorthWind.Sales.Entities\NorthWind.Sales.Entities.csproj", "{43E9D996-2A44-42F0-9F45-5F3EE7FBC506}"
EndProject
Project("{9A19103F-16F7-4668-BE54-9A1E7A4F7556}") = "NorthWind.Sales.DTOs", "NorthWind.Sales.DTOs\NorthWind.Sales.DTOs.csproj", "{F2CC39B6-C8B2-4300-9F4D-061B192862E3}"
EndProject
Project("{9A19103F-16F7-4668-BE54-9A1E7A4F7556}") = "NorthWind.Sales.UseCasesPorts", "NorthWind.Sales.UseCasesPorts\NorthWind.Sales.UseCasesPorts.csproj", "{13673806-856D-450E-B1A1-EA68193FC252}"
EndProject
Project("{9A19103F-16F7-4668-BE54-9A1E7A4F7556}") = "NorthWind.Sales.Events", "NorthWind.Sales.Events\NorthWind.Sales.Events.csproj", "{8F345728-24D4-4895-A41E-FBE3DF6B2C31}"
EndProject
Project("{FAE04EC0-301F-11D3-BF4B-00C04F79EFBC}") = "NorthWind.Sales.UseCases", "NorthWind.Sales.UseCases\NorthWind.Sales.UseCases.csproj", "{4C3CB5BF-1F85-4D06-A20D-CD5CAADA2BF9}"
EndProject
Global
	GlobalSection(SolutionConfigurationPlatforms) = preSolution
		Debug|Any CPU = Debug|Any CPU
		Release|Any CPU = Release|Any CPU
	EndGlobalSection
	GlobalSection(ProjectConfigurationPlatforms) = postSolution
		{43E9D996-2A44-42F0-9F45-5F3EE7FBC506}.Debug|Any CPU.ActiveCfg = Debug|Any CPU
		{43E9D996-2A44-42F0-9F45-5F3EE7FBC506}.Debug|Any CPU.Build.0 = Debug|Any CPU
		{43E9D996-2A44-42F0-9F45-5F3EE7FBC506}.Release|Any CPU.ActiveCfg = Release|Any CPU
		{43E9D996-2A44-42F0-9F45-5F3EE7FBC506}.Release|Any CPU.Build.0 = Release|Any CPU
		{F2CC39B6-C8B2-4300-9F4D-061B192862E3}.Debug|Any CPU.ActiveCfg = Debug|Any CPU
		{F2CC39B6-C8B2-4300-9F4D-061B192862E3}.Debug|Any CPU.Build.0 = Debug|Any CPU
		{F2CC39B6-C8B2-4300-9F4D-061B192862E3}.Release|Any CPU.ActiveCfg = Release|Any CPU
		{F2CC39B6-C8B2-4300-9F4D-061B192862E3}.Release|Any CPU.Build.0 = Release|Any CPU
		{13673806-856D-450E-B1A1-EA68193FC252}.Debug|Any CPU.ActiveCfg = Debug|Any CPU
		{13673806-856D-450E-B1A1-EA68193FC252}.Debug|Any CPU.Build.0 = Debug|Any CPU
		{13673806-856D-450E-B1A1-EA68193FC252}.Release|Any CPU.ActiveCfg = Release|Any CPU
		{13673806-856D-450E-B1A1-EA68193FC252}.Release|Any CPU.Build.0 = Release|Any CPU
		{8F345728-24D4-4895-A41E-FBE3DF6B2C31}.Debug|Any CPU.ActiveCfg = Debug|Any CPU
		{8F345728-24D4-4895-A41E-FBE3DF6B2C31}.Debug|Any CPU.Build.0 = Debug|Any CPU
		{8F345728-24D4-4895-A41E-FBE3DF6B2C31}.Release|Any CPU.ActiveCfg = Release|Any CPU
		{8F345728-24D4-4895-A41E-FBE3DF6B2C31}.Release|Any CPU.Build.0 = Release|Any CPU
		{4C3CB5BF-1F85-4D06-A20D-CD5CAADA2BF9}.Debug|Any CPU.ActiveCfg = Debug|Any CPU
		{4C3CB5BF-1F85-4D06-A20D-CD5CAADA2BF9}.Debug|Any CPU.Build.0 = Debug|Any CPU
		{4C3CB5BF-1F85-4D06-A20D-CD5CAADA2BF9}.Release|Any CPU.ActiveCfg = Release|Any CPU
		{4C3CB5BF-1F85-4D06-A20D-CD5CAADA2BF9}.Release|Any CPU.Build.0 = Release|Any CPU
	EndGlobalSection
	GlobalSection(SolutionProperties) = preSolution
		HideSolutionNode = FALSE
	EndGlobalSection
	GlobalSection(NestedProjects) = preSolution
		{43E9D996-2A44-42F0-9F45-5F3EE7FBC506} = {EC871C98-6A5D-4D3E-83FD-FA216A4FEF64}
		{F2CC39B6-C8B2-4300-9F4D-061B192862E3} = {EC871C98-6A5D-4D3E-83FD-FA216A4FEF64}
		{13673806-856D-450E-B1A1-EA68193FC252} = {EC871C98-6A5D-4D3E-83FD-FA216A4FEF64}
		{8F345728-24D4-4895-A41E-FBE3DF6B2C31} = {EC871C98-6A5D-4D3E-83FD-FA216A4FEF64}
		{4C3CB5BF-1F85-4D06-A20D-CD5CAADA2BF9} = {EC871C98-6A5D-4D3E-83FD-FA216A4FEF64}
	EndGlobalSection
	GlobalSection(ExtensibilityGlobals) = postSolution
		SolutionGuid = {B0CE2870-4E78-4984-991B-60E4D06130A8}
	EndGlobalSection
EndGlobal
